
Microsoft Visual Studio Solution File, Format Version 12.00
# Visual Studio 15
VisualStudioVersion = 15.0.28307.572
MinimumVisualStudioVersion = 10.0.40219.1
Project("{FAE04EC0-301F-11D3-BF4B-00C04F79EFBC}") = "FinalProduct", "FinalProduct\FinalProduct.csproj", "{7CAFD3BE-FA95-4C40-8266-9AC1869D1058}"
EndProject
Global
	GlobalSection(SolutionConfigurationPlatforms) = preSolution
		Debug|Any CPU = Debug|Any CPU
		Release|Any CPU = Release|Any CPU
	EndGlobalSection
	GlobalSection(ProjectConfigurationPlatforms) = postSolution
		{7CAFD3BE-FA95-4C40-8266-9AC1869D1058}.Debug|Any CPU.ActiveCfg = Debug|Any CPU
		{7CAFD3BE-FA95-4C40-8266-9AC1869D1058}.Debug|Any CPU.Build.0 = Debug|Any CPU
		{7CAFD3BE-FA95-4C40-8266-9AC1869D1058}.Release|Any CPU.ActiveCfg = Release|Any CPU
		{7CAFD3BE-FA95-4C40-8266-9AC1869D1058}.Release|Any CPU.Build.0 = Release|Any CPU
	EndGlobalSection
	GlobalSection(SolutionProperties) = preSolution
		HideSolutionNode = FALSE
	EndGlobalSection
	GlobalSection(ExtensibilityGlobals) = postSolution
		SolutionGuid = {422B1B48-562D-494B-8090-9B850A8BE32B}
	EndGlobalSection
EndGlobal
